
Microsoft Visual Studio Solution File, Format Version 12.00
# Visual Studio 15
VisualStudioVersion = 15.0.28307.136
MinimumVisualStudioVersion = 10.0.40219.1
Project("{9A19103F-16F7-4668-BE54-9A1E7A4F7556}") = "tuv", "tuv.csproj", "{9E0EA770-726D-4A56-96D2-26B760A4C82A}"
EndProject
Global
	GlobalSection(SolutionConfigurationPlatforms) = preSolution
		Debug|Any CPU = Debug|Any CPU
		Release|Any CPU = Release|Any CPU
	EndGlobalSection
	GlobalSection(ProjectConfigurationPlatforms) = postSolution
		{9E0EA770-726D-4A56-96D2-26B760A4C82A}.Debug|Any CPU.ActiveCfg = Debug|Any CPU
		{9E0EA770-726D-4A56-96D2-26B760A4C82A}.Debug|Any CPU.Build.0 = Debug|Any CPU
		{9E0EA770-726D-4A56-96D2-26B760A4C82A}.Release|Any CPU.ActiveCfg = Release|Any CPU
		{9E0EA770-726D-4A56-96D2-26B760A4C82A}.Release|Any CPU.Build.0 = Release|Any CPU
	EndGlobalSection
	GlobalSection(SolutionProperties) = preSolution
		HideSolutionNode = FALSE
	EndGlobalSection
	GlobalSection(ExtensibilityGlobals) = postSolution
		SolutionGuid = {F3F776BF-321D-4B68-B9A4-27D9F5D67314}
	EndGlobalSection
EndGlobal
